
Microsoft Visual Studio Solution File, Format Version 12.00
# Visual Studio Version 17
VisualStudioVersion = 17.14.36221.1 d17.14
MinimumVisualStudioVersion = 10.0.40219.1
Project("{FAE04EC0-301F-11D3-BF4B-00C04F79EFBC}") = "BaseWeb_lab4", "BaseWeb_lab4\BaseWeb_lab4.csproj", "{B5BF3D1F-C5A9-4B2D-8C30-403C2357ABF1}"
EndProject
Global
	GlobalSection(SolutionConfigurationPlatforms) = preSolution
		Debug|Any CPU = Debug|Any CPU
		Release|Any CPU = Release|Any CPU
	EndGlobalSection
	GlobalSection(ProjectConfigurationPlatforms) = postSolution
		{B5BF3D1F-C5A9-4B2D-8C30-403C2357ABF1}.Debug|Any CPU.ActiveCfg = Debug|Any CPU
		{B5BF3D1F-C5A9-4B2D-8C30-403C2357ABF1}.Debug|Any CPU.Build.0 = Debug|Any CPU
		{B5BF3D1F-C5A9-4B2D-8C30-403C2357ABF1}.Release|Any CPU.ActiveCfg = Release|Any CPU
		{B5BF3D1F-C5A9-4B2D-8C30-403C2357ABF1}.Release|Any CPU.Build.0 = Release|Any CPU
	EndGlobalSection
	GlobalSection(SolutionProperties) = preSolution
		HideSolutionNode = FALSE
	EndGlobalSection
	GlobalSection(ExtensibilityGlobals) = postSolution
		SolutionGuid = {3C85EC6F-9C3A-41E2-9DD3-7B00B172175E}
	EndGlobalSection
EndGlobal
